// !$*UTF8*$!
{
	archiveVersion = 1;
	classes = {
	};
	objectVersion = 46;
	objects = {

/* Begin PBXBuildFile section */
		673185DA1F20B00500EC509B /* AppDelegate.swift in Sources */ = {isa = PBXBuildFile; fileRef = 673185D91F20B00500EC509B /* AppDelegate.swift */; };
		673185DC1F20B00600EC509B /* ViewController.swift in Sources */ = {isa = PBXBuildFile; fileRef = 673185DB1F20B00500EC509B /* ViewController.swift */; };
		673185DF1F20B00600EC509B /* Main.storyboard in Resources */ = {isa = PBXBuildFile; fileRef = 673185DD1F20B00600EC509B /* Main.storyboard */; };
		673185E11F20B00600EC509B /* Assets.xcassets in Resources */ = {isa = PBXBuildFile; fileRef = 673185E01F20B00600EC509B /* Assets.xcassets */; };
		673185E41F20B00600EC509B /* LaunchScreen.storyboard in Resources */ = {isa = PBXBuildFile; fileRef = 673185E21F20B00600EC509B /* LaunchScreen.storyboard */; };
		673185EF1F20B00600EC509B /* gintaTests.swift in Sources */ = {isa = PBXBuildFile; fileRef = 673185EE1F20B00600EC509B /* gintaTests.swift */; };
		673185FA1F20B00600EC509B /* gintaUITests.swift in Sources */ = {isa = PBXBuildFile; fileRef = 673185F91F20B00600EC509B /* gintaUITests.swift */; };
		676D20111F297D8B006AC8A7 /* wacViewController.swift in Sources */ = {isa = PBXBuildFile; fileRef = 676D20101F297D8B006AC8A7 /* wacViewController.swift */; };
		67928F151F30339D0096921D /* scaleTable.png in Resources */ = {isa = PBXBuildFile; fileRef = 67928F141F30339D0096921D /* scaleTable.png */; };
		67928F171F3062F20096921D /* profileViewController.swift in Sources */ = {isa = PBXBuildFile; fileRef = 67928F161F3062F20096921D /* profileViewController.swift */; };
		6799E87F1F3EF874006658BF /* education.trophy_star 256.png in Resources */ = {isa = PBXBuildFile; fileRef = 6799E87E1F3EF874006658BF /* education.trophy_star 256.png */; };
		6799E8801F3EF874006658BF /* education.trophy_star 256.png in Resources */ = {isa = PBXBuildFile; fileRef = 6799E87E1F3EF874006658BF /* education.trophy_star 256.png */; };
		6799E8811F3EF874006658BF /* education.trophy_star 256.png in Resources */ = {isa = PBXBuildFile; fileRef = 6799E87E1F3EF874006658BF /* education.trophy_star 256.png */; };
		6799E8871F3F03B8006658BF /* icons8-Home-25.png in Resources */ = {isa = PBXBuildFile; fileRef = 6799E8861F3F03B8006658BF /* icons8-Home-25.png */; };
		6799E8881F3F03B8006658BF /* icons8-Home-25.png in Resources */ = {isa = PBXBuildFile; fileRef = 6799E8861F3F03B8006658BF /* icons8-Home-25.png */; };
		6799E8891F3F03B8006658BF /* icons8-Home-25.png in Resources */ = {isa = PBXBuildFile; fileRef = 6799E8861F3F03B8006658BF /* icons8-Home-25.png */; };
		6799E88B1F3F0469006658BF /* icons8-Home Button-25.png in Resources */ = {isa = PBXBuildFile; fileRef = 6799E88A1F3F0469006658BF /* icons8-Home Button-25.png */; };
		6799E88C1F3F0469006658BF /* icons8-Home Button-25.png in Resources */ = {isa = PBXBuildFile; fileRef = 6799E88A1F3F0469006658BF /* icons8-Home Button-25.png */; };
		6799E88D1F3F0469006658BF /* icons8-Home Button-25.png in Resources */ = {isa = PBXBuildFile; fileRef = 6799E88A1F3F0469006658BF /* icons8-Home Button-25.png */; };
		6799E88F1F3F048F006658BF /* icons8-Home Button Filled-25.png in Resources */ = {isa = PBXBuildFile; fileRef = 6799E88E1F3F048F006658BF /* icons8-Home Button Filled-25.png */; };
		6799E8901F3F048F006658BF /* icons8-Home Button Filled-25.png in Resources */ = {isa = PBXBuildFile; fileRef = 6799E88E1F3F048F006658BF /* icons8-Home Button Filled-25.png */; };
		6799E8911F3F048F006658BF /* icons8-Home Button Filled-25.png in Resources */ = {isa = PBXBuildFile; fileRef = 6799E88E1F3F048F006658BF /* icons8-Home Button Filled-25.png */; };
		6799E8931F3F04CA006658BF /* icons8-About-25.png in Resources */ = {isa = PBXBuildFile; fileRef = 6799E8921F3F04CA006658BF /* icons8-About-25.png */; };
		6799E8941F3F04CA006658BF /* icons8-About-25.png in Resources */ = {isa = PBXBuildFile; fileRef = 6799E8921F3F04CA006658BF /* icons8-About-25.png */; };
		6799E8951F3F04CA006658BF /* icons8-About-25.png in Resources */ = {isa = PBXBuildFile; fileRef = 6799E8921F3F04CA006658BF /* icons8-About-25.png */; };
/* End PBXBuildFile section */

/* Begin PBXContainerItemProxy section */
		673185EB1F20B00600EC509B /* PBXContainerItemProxy */ = {
			isa = PBXContainerItemProxy;
			containerPortal = 673185CE1F20B00500EC509B /* Project object */;
			proxyType = 1;
			remoteGlobalIDString = 673185D51F20B00500EC509B;
			remoteInfo = ginta;
		};
		673185F61F20B00600EC509B /* PBXContainerItemProxy */ = {
			isa = PBXContainerItemProxy;
			containerPortal = 673185CE1F20B00500EC509B /* Project object */;
			proxyType = 1;
			remoteGlobalIDString = 673185D51F20B00500EC509B;
			remoteInfo = ginta;
		};
/* End PBXContainerItemProxy section */

/* Begin PBXFileReference section */
		673185D61F20B00500EC509B /* GradeTools.app */ = {isa = PBXFileReference; explicitFileType = wrapper.application; includeInIndex = 0; path = GradeTools.app; sourceTree = BUILT_PRODUCTS_DIR; };
		673185D91F20B00500EC509B /* AppDelegate.swift */ = {isa = PBXFileReference; lastKnownFileType = sourcecode.swift; path = AppDelegate.swift; sourceTree = "<group>"; };
		673185DB1F20B00500EC509B /* ViewController.swift */ = {isa = PBXFileReference; lastKnownFileType = sourcecode.swift; path = ViewController.swift; sourceTree = "<group>"; };
		673185DE1F20B00600EC509B /* Base */ = {isa = PBXFileReference; lastKnownFileType = file.storyboard; name = Base; path = Base.lproj/Main.storyboard; sourceTree = "<group>"; };
		673185E01F20B00600EC509B /* Assets.xcassets */ = {isa = PBXFileReference; lastKnownFileType = folder.assetcatalog; path = Assets.xcassets; sourceTree = "<group>"; };
		673185E31F20B00600EC509B /* Base */ = {isa = PBXFileReference; lastKnownFileType = file.storyboard; name = Base; path = Base.lproj/LaunchScreen.storyboard; sourceTree = "<group>"; };
		673185E51F20B00600EC509B /* Info.plist */ = {isa = PBXFileReference; lastKnownFileType = text.plist.xml; path = Info.plist; sourceTree = "<group>"; };
		673185EA1F20B00600EC509B /* GradeToolsTests.xctest */ = {isa = PBXFileReference; explicitFileType = wrapper.cfbundle; includeInIndex = 0; path = GradeToolsTests.xctest; sourceTree = BUILT_PRODUCTS_DIR; };
		673185EE1F20B00600EC509B /* gintaTests.swift */ = {isa = PBXFileReference; lastKnownFileType = sourcecode.swift; path = gintaTests.swift; sourceTree = "<group>"; };
		673185F01F20B00600EC509B /* Info.plist */ = {isa = PBXFileReference; lastKnownFileType = text.plist.xml; path = Info.plist; sourceTree = "<group>"; };
		673185F51F20B00600EC509B /* GradeToolsUITests.xctest */ = {isa = PBXFileReference; explicitFileType = wrapper.cfbundle; includeInIndex = 0; path = GradeToolsUITests.xctest; sourceTree = BUILT_PRODUCTS_DIR; };
		673185F91F20B00600EC509B /* gintaUITests.swift */ = {isa = PBXFileReference; lastKnownFileType = sourcecode.swift; path = gintaUITests.swift; sourceTree = "<group>"; };
		673185FB1F20B00600EC509B /* Info.plist */ = {isa = PBXFileReference; lastKnownFileType = text.plist.xml; path = Info.plist; sourceTree = "<group>"; };
		676D20101F297D8B006AC8A7 /* wacViewController.swift */ = {isa = PBXFileReference; fileEncoding = 4; lastKnownFileType = sourcecode.swift; path = wacViewController.swift; sourceTree = "<group>"; };
		67928F141F30339D0096921D /* scaleTable.png */ = {isa = PBXFileReference; lastKnownFileType = image.png; path = scaleTable.png; sourceTree = "<group>"; };
		67928F161F3062F20096921D /* profileViewController.swift */ = {isa = PBXFileReference; fileEncoding = 4; lastKnownFileType = sourcecode.swift; path = profileViewController.swift; sourceTree = "<group>"; };
		6799E87E1F3EF874006658BF /* education.trophy_star 256.png */ = {isa = PBXFileReference; lastKnownFileType = image.png; path = "education.trophy_star 256.png"; sourceTree = "<group>"; };
		6799E8861F3F03B8006658BF /* icons8-Home-25.png */ = {isa = PBXFileReference; lastKnownFileType = image.png; path = "icons8-Home-25.png"; sourceTree = "<group>"; };
		6799E88A1F3F0469006658BF /* icons8-Home Button-25.png */ = {isa = PBXFileReference; lastKnownFileType = image.png; path = "icons8-Home Button-25.png"; sourceTree = "<group>"; };
		6799E88E1F3F048F006658BF /* icons8-Home Button Filled-25.png */ = {isa = PBXFileReference; lastKnownFileType = image.png; path = "icons8-Home Button Filled-25.png"; sourceTree = "<group>"; };
		6799E8921F3F04CA006658BF /* icons8-About-25.png */ = {isa = PBXFileReference; lastKnownFileType = image.png; path = "icons8-About-25.png"; sourceTree = "<group>"; };
/* End PBXFileReference section */

/* Begin PBXFrameworksBuildPhase section */
		673185D31F20B00500EC509B /* Frameworks */ = {
			isa = PBXFrameworksBuildPhase;
			buildActionMask = 2147483647;
			files = (
			);
			runOnlyForDeploymentPostprocessing = 0;
		};
		673185E71F20B00600EC509B /* Frameworks */ = {
			isa = PBXFrameworksBuildPhase;
			buildActionMask = 2147483647;
			files = (
			);
			runOnlyForDeploymentPostprocessing = 0;
		};
		673185F21F20B00600EC509B /* Frameworks */ = {
			isa = PBXFrameworksBuildPhase;
			buildActionMask = 2147483647;
			files = (
			);
			runOnlyForDeploymentPostprocessing = 0;
		};
/* End PBXFrameworksBuildPhase section */

/* Begin PBXGroup section */
		673185CD1F20B00500EC509B = {
			isa = PBXGroup;
			children = (
				673185D81F20B00500EC509B /* ginta */,
				673185ED1F20B00600EC509B /* gintaTests */,
				673185F81F20B00600EC509B /* gintaUITests */,
				673185D71F20B00500EC509B /* Products */,
			);
			sourceTree = "<group>";
		};
		673185D71F20B00500EC509B /* Products */ = {
			isa = PBXGroup;
			children = (
				673185D61F20B00500EC509B /* GradeTools.app */,
				673185EA1F20B00600EC509B /* GradeToolsTests.xctest */,
				673185F51F20B00600EC509B /* GradeToolsUITests.xctest */,
			);
			name = Products;
			sourceTree = "<group>";
		};
		673185D81F20B00500EC509B /* ginta */ = {
			isa = PBXGroup;
			children = (
				673185D91F20B00500EC509B /* AppDelegate.swift */,
				673185DB1F20B00500EC509B /* ViewController.swift */,
				673185DD1F20B00600EC509B /* Main.storyboard */,
				673185E01F20B00600EC509B /* Assets.xcassets */,
				67928F141F30339D0096921D /* scaleTable.png */,
				673185E21F20B00600EC509B /* LaunchScreen.storyboard */,
				6799E87E1F3EF874006658BF /* education.trophy_star 256.png */,
				6799E8861F3F03B8006658BF /* icons8-Home-25.png */,
				6799E8921F3F04CA006658BF /* icons8-About-25.png */,
				6799E88E1F3F048F006658BF /* icons8-Home Button Filled-25.png */,
				6799E88A1F3F0469006658BF /* icons8-Home Button-25.png */,
				673185E51F20B00600EC509B /* Info.plist */,
				676D20101F297D8B006AC8A7 /* wacViewController.swift */,
				67928F161F3062F20096921D /* profileViewController.swift */,
			);
			path = ginta;
			sourceTree = "<group>";
		};
		673185ED1F20B00600EC509B /* gintaTests */ = {
			isa = PBXGroup;
			children = (
				673185EE1F20B00600EC509B /* gintaTests.swift */,
				673185F01F20B00600EC509B /* Info.plist */,
			);
			path = gintaTests;
			sourceTree = "<group>";
		};
		673185F81F20B00600EC509B /* gintaUITests */ = {
			isa = PBXGroup;
			children = (
				673185F91F20B00600EC509B /* gintaUITests.swift */,
				673185FB1F20B00600EC509B /* Info.plist */,
			);
			path = gintaUITests;
			sourceTree = "<group>";
		};
/* End PBXGroup section */

/* Begin PBXNativeTarget section */
		673185D51F20B00500EC509B /* GradeTools */ = {
			isa = PBXNativeTarget;
			buildConfigurationList = 673185FE1F20B00600EC509B /* Build configuration list for PBXNativeTarget "GradeTools" */;
			buildPhases = (
				673185D21F20B00500EC509B /* Sources */,
				673185D31F20B00500EC509B /* Frameworks */,
				673185D41F20B00500EC509B /* Resources */,
			);
			buildRules = (
			);
			dependencies = (
			);
			name = GradeTools;
			productName = ginta;
			productReference = 673185D61F20B00500EC509B /* GradeTools.app */;
			productType = "com.apple.product-type.application";
		};
		673185E91F20B00600EC509B /* GradeToolsTests */ = {
			isa = PBXNativeTarget;
			buildConfigurationList = 673186011F20B00600EC509B /* Build configuration list for PBXNativeTarget "GradeToolsTests" */;
			buildPhases = (
				673185E61F20B00600EC509B /* Sources */,
				673185E71F20B00600EC509B /* Frameworks */,
				673185E81F20B00600EC509B /* Resources */,
			);
			buildRules = (
			);
			dependencies = (
				673185EC1F20B00600EC509B /* PBXTargetDependency */,
			);
			name = GradeToolsTests;
			productName = gintaTests;
			productReference = 673185EA1F20B00600EC509B /* GradeToolsTests.xctest */;
			productType = "com.apple.product-type.bundle.unit-test";
		};
		673185F41F20B00600EC509B /* GradeToolsUITests */ = {
			isa = PBXNativeTarget;
			buildConfigurationList = 673186041F20B00600EC509B /* Build configuration list for PBXNativeTarget "GradeToolsUITests" */;
			buildPhases = (
				673185F11F20B00600EC509B /* Sources */,
				673185F21F20B00600EC509B /* Frameworks */,
				673185F31F20B00600EC509B /* Resources */,
			);
			buildRules = (
			);
			dependencies = (
				673185F71F20B00600EC509B /* PBXTargetDependency */,
			);
			name = GradeToolsUITests;
			productName = gintaUITests;
			productReference = 673185F51F20B00600EC509B /* GradeToolsUITests.xctest */;
			productType = "com.apple.product-type.bundle.ui-testing";
		};
/* End PBXNativeTarget section */

/* Begin PBXProject section */
		673185CE1F20B00500EC509B /* Project object */ = {
			isa = PBXProject;
			attributes = {
				LastSwiftUpdateCheck = 0820;
				LastUpgradeCheck = 0820;
				ORGANIZATIONNAME = "Joonwoo Percy Jang";
				TargetAttributes = {
					673185D51F20B00500EC509B = {
						CreatedOnToolsVersion = 8.2.1;
						DevelopmentTeam = 8WABJGLV4L;
						ProvisioningStyle = Automatic;
					};
					673185E91F20B00600EC509B = {
						CreatedOnToolsVersion = 8.2.1;
						ProvisioningStyle = Automatic;
						TestTargetID = 673185D51F20B00500EC509B;
					};
					673185F41F20B00600EC509B = {
						CreatedOnToolsVersion = 8.2.1;
						ProvisioningStyle = Automatic;
						TestTargetID = 673185D51F20B00500EC509B;
					};
				};
			};
			buildConfigurationList = 673185D11F20B00500EC509B /* Build configuration list for PBXProject "GradeTools" */;
			compatibilityVersion = "Xcode 3.2";
			developmentRegion = English;
			hasScannedForEncodings = 0;
			knownRegions = (
				en,
				Base,
			);
			mainGroup = 673185CD1F20B00500EC509B;
			productRefGroup = 673185D71F20B00500EC509B /* Products */;
			projectDirPath = "";
			projectRoot = "";
			targets = (
				673185D51F20B00500EC509B /* GradeTools */,
				673185E91F20B00600EC509B /* GradeToolsTests */,
				673185F41F20B00600EC509B /* GradeToolsUITests */,
			);
		};
/* End PBXProject section */

/* Begin PBXResourcesBuildPhase section */
		673185D41F20B00500EC509B /* Resources */ = {
			isa = PBXResourcesBuildPhase;
			buildActionMask = 2147483647;
			files = (
				6799E88B1F3F0469006658BF /* icons8-Home Button-25.png in Resources */,
				6799E8931F3F04CA006658BF /* icons8-About-25.png in Resources */,
				673185E41F20B00600EC509B /* LaunchScreen.storyboard in Resources */,
				6799E88F1F3F048F006658BF /* icons8-Home Button Filled-25.png in Resources */,
				6799E87F1F3EF874006658BF /* education.trophy_star 256.png in Resources */,
				673185E11F20B00600EC509B /* Assets.xcassets in Resources */,
				673185DF1F20B00600EC509B /* Main.storyboard in Resources */,
				67928F151F30339D0096921D /* scaleTable.png in Resources */,
				6799E8871F3F03B8006658BF /* icons8-Home-25.png in Resources */,
			);
			runOnlyForDeploymentPostprocessing = 0;
		};
		673185E81F20B00600EC509B /* Resources */ = {
			isa = PBXResourcesBuildPhase;
			buildActionMask = 2147483647;
			files = (
				6799E88C1F3F0469006658BF /* icons8-Home Button-25.png in Resources */,
				6799E8801F3EF874006658BF /* education.trophy_star 256.png in Resources */,
				6799E8901F3F048F006658BF /* icons8-Home Button Filled-25.png in Resources */,
				6799E8881F3F03B8006658BF /* icons8-Home-25.png in Resources */,
				6799E8941F3F04CA006658BF /* icons8-About-25.png in Resources */,
			);
			runOnlyForDeploymentPostprocessing = 0;
		};
		673185F31F20B00600EC509B /* Resources */ = {
			isa = PBXResourcesBuildPhase;
			buildActionMask = 2147483647;
			files = (
				6799E88D1F3F0469006658BF /* icons8-Home Button-25.png in Resources */,
				6799E8811F3EF874006658BF /* education.trophy_star 256.png in Resources */,
				6799E8911F3F048F006658BF /* icons8-Home Button Filled-25.png in Resources */,
				6799E8891F3F03B8006658BF /* icons8-Home-25.png in Resources */,
				6799E8951F3F04CA006658BF /* icons8-About-25.png in Resources */,
			);
			runOnlyForDeploymentPostprocessing = 0;
		};
/* End PBXResourcesBuildPhase section */

/* Begin PBXSourcesBuildPhase section */
		673185D21F20B00500EC509B /* Sources */ = {
			isa = PBXSourcesBuildPhase;
			buildActionMask = 2147483647;
			files = (
				673185DC1F20B00600EC509B /* ViewController.swift in Sources */,
				676D20111F297D8B006AC8A7 /* wacViewController.swift in Sources */,
				67928F171F3062F20096921D /* profileViewController.swift in Sources */,
				673185DA1F20B00500EC509B /* AppDelegate.swift in Sources */,
			);
			runOnlyForDeploymentPostprocessing = 0;
		};
		673185E61F20B00600EC509B /* Sources */ = {
			isa = PBXSourcesBuildPhase;
			buildActionMask = 2147483647;
			files = (
				673185EF1F20B00600EC509B /* gintaTests.swift in Sources */,
			);
			runOnlyForDeploymentPostprocessing = 0;
		};
		673185F11F20B00600EC509B /* Sources */ = {
			isa = PBXSourcesBuildPhase;
			buildActionMask = 2147483647;
			files = (
				673185FA1F20B00600EC509B /* gintaUITests.swift in Sources */,
			);
			runOnlyForDeploymentPostprocessing = 0;
		};
/* End PBXSourcesBuildPhase section */

/* Begin PBXTargetDependency section */
		673185EC1F20B00600EC509B /* PBXTargetDependency */ = {
			isa = PBXTargetDependency;
			target = 673185D51F20B00500EC509B /* GradeTools */;
			targetProxy = 673185EB1F20B00600EC509B /* PBXContainerItemProxy */;
		};
		673185F71F20B00600EC509B /* PBXTargetDependency */ = {
			isa = PBXTargetDependency;
			target = 673185D51F20B00500EC509B /* GradeTools */;
			targetProxy = 673185F61F20B00600EC509B /* PBXContainerItemProxy */;
		};
/* End PBXTargetDependency section */

/* Begin PBXVariantGroup section */
		673185DD1F20B00600EC509B /* Main.storyboard */ = {
			isa = PBXVariantGroup;
			children = (
				673185DE1F20B00600EC509B /* Base */,
			);
			name = Main.storyboard;
			sourceTree = "<group>";
		};
		673185E21F20B00600EC509B /* LaunchScreen.storyboard */ = {
			isa = PBXVariantGroup;
			children = (
				673185E31F20B00600EC509B /* Base */,
			);
			name = LaunchScreen.storyboard;
			sourceTree = "<group>";
		};
/* End PBXVariantGroup section */

/* Begin XCBuildConfiguration section */
		673185FC1F20B00600EC509B /* Debug */ = {
			isa = XCBuildConfiguration;
			buildSettings = {
				ALWAYS_SEARCH_USER_PATHS = NO;
				CLANG_ANALYZER_NONNULL = YES;
				CLANG_CXX_LANGUAGE_STANDARD = "gnu++0x";
				CLANG_CXX_LIBRARY = "libc++";
				CLANG_ENABLE_MODULES = YES;
				CLANG_ENABLE_OBJC_ARC = YES;
				CLANG_WARN_BOOL_CONVERSION = YES;
				CLANG_WARN_CONSTANT_CONVERSION = YES;
				CLANG_WARN_DIRECT_OBJC_ISA_USAGE = YES_ERROR;
				CLANG_WARN_DOCUMENTATION_COMMENTS = YES;
				CLANG_WARN_EMPTY_BODY = YES;
				CLANG_WARN_ENUM_CONVERSION = YES;
				CLANG_WARN_INFINITE_RECURSION = YES;
				CLANG_WARN_INT_CONVERSION = YES;
				CLANG_WARN_OBJC_ROOT_CLASS = YES_ERROR;
				CLANG_WARN_SUSPICIOUS_MOVE = YES;
				CLANG_WARN_UNREACHABLE_CODE = YES;
				CLANG_WARN__DUPLICATE_METHOD_MATCH = YES;
				"CODE_SIGN_IDENTITY[sdk=iphoneos*]" = "iPhone Developer";
				COPY_PHASE_STRIP = NO;
				DEBUG_INFORMATION_FORMAT = dwarf;
				ENABLE_STRICT_OBJC_MSGSEND = YES;
				ENABLE_TESTABILITY = YES;
				GCC_C_LANGUAGE_STANDARD = gnu99;
				GCC_DYNAMIC_NO_PIC = NO;
				GCC_NO_COMMON_BLOCKS = YES;
				GCC_OPTIMIZATION_LEVEL = 0;
				GCC_PREPROCESSOR_DEFINITIONS = (
					"DEBUG=1",
					"$(inherited)",
				);
				GCC_WARN_64_TO_32_BIT_CONVERSION = YES;
				GCC_WARN_ABOUT_RETURN_TYPE = YES_ERROR;
				GCC_WARN_UNDECLARED_SELECTOR = YES;
				GCC_WARN_UNINITIALIZED_AUTOS = YES_AGGRESSIVE;
				GCC_WARN_UNUSED_FUNCTION = YES;
				GCC_WARN_UNUSED_VARIABLE = YES;
				IPHONEOS_DEPLOYMENT_TARGET = 9.0;
				MTL_ENABLE_DEBUG_INFO = YES;
				ONLY_ACTIVE_ARCH = YES;
				SDKROOT = iphoneos;
				SWIFT_ACTIVE_COMPILATION_CONDITIONS = DEBUG;
				SWIFT_OPTIMIZATION_LEVEL = "-Onone";
			};
			name = Debug;
		};
		673185FD1F20B00600EC509B /* Release */ = {
			isa = XCBuildConfiguration;
			buildSettings = {
				ALWAYS_SEARCH_USER_PATHS = NO;
				CLANG_ANALYZER_NONNULL = YES;
				CLANG_CXX_LANGUAGE_STANDARD = "gnu++0x";
				CLANG_CXX_LIBRARY = "libc++";
				CLANG_ENABLE_MODULES = YES;
				CLANG_ENABLE_OBJC_ARC = YES;
				CLANG_WARN_BOOL_CONVERSION = YES;
				CLANG_WARN_CONSTANT_CONVERSION = YES;
				CLANG_WARN_DIRECT_OBJC_ISA_USAGE = YES_ERROR;
				CLANG_WARN_DOCUMENTATION_COMMENTS = YES;
				CLANG_WARN_EMPTY_BODY = YES;
				CLANG_WARN_ENUM_CONVERSION = YES;
				CLANG_WARN_INFINITE_RECURSION = YES;
				CLANG_WARN_INT_CONVERSION = YES;
				CLANG_WARN_OBJC_ROOT_CLASS = YES_ERROR;
				CLANG_WARN_SUSPICIOUS_MOVE = YES;
				CLANG_WARN_UNREACHABLE_CODE = YES;
				CLANG_WARN__DUPLICATE_METHOD_MATCH = YES;
				"CODE_SIGN_IDENTITY[sdk=iphoneos*]" = "iPhone Developer";
				COPY_PHASE_STRIP = NO;
				DEBUG_INFORMATION_FORMAT = "dwarf-with-dsym";
				ENABLE_NS_ASSERTIONS = NO;
				ENABLE_STRICT_OBJC_MSGSEND = YES;
				GCC_C_LANGUAGE_STANDARD = gnu99;
				GCC_NO_COMMON_BLOCKS = YES;
				GCC_WARN_64_TO_32_BIT_CONVERSION = YES;
				GCC_WARN_ABOUT_RETURN_TYPE = YES_ERROR;
				GCC_WARN_UNDECLARED_SELECTOR = YES;
				GCC_WARN_UNINITIALIZED_AUTOS = YES_AGGRESSIVE;
				GCC_WARN_UNUSED_FUNCTION = YES;
				GCC_WARN_UNUSED_VARIABLE = YES;
				IPHONEOS_DEPLOYMENT_TARGET = 9.0;
				MTL_ENABLE_DEBUG_INFO = NO;
				SDKROOT = iphoneos;
				SWIFT_OPTIMIZATION_LEVEL = "-Owholemodule";
				VALIDATE_PRODUCT = YES;
			};
			name = Release;
		};
		673185FF1F20B00600EC509B /* Debug */ = {
			isa = XCBuildConfiguration;
			buildSettings = {
				ASSETCATALOG_COMPILER_APPICON_NAME = AppIcon;
				"CODE_SIGN_IDENTITY[sdk=iphoneos*]" = "iPhone Developer";
				DEVELOPMENT_TEAM = 8WABJGLV4L;
				INFOPLIST_FILE = ginta/Info.plist;
				IPHONEOS_DEPLOYMENT_TARGET = 9.0;
				LD_RUNPATH_SEARCH_PATHS = "$(inherited) @executable_path/Frameworks";
				PRODUCT_BUNDLE_IDENTIFIER = com.joonwoo.GradeTools;
				PRODUCT_NAME = "$(TARGET_NAME)";
				PROVISIONING_PROFILE = "";
				PROVISIONING_PROFILE_SPECIFIER = "";
				SWIFT_VERSION = 3.0;
				TARGETED_DEVICE_FAMILY = 1;
			};
			name = Debug;
		};
		673186001F20B00600EC509B /* Release */ = {
			isa = XCBuildConfiguration;
			buildSettings = {
				ASSETCATALOG_COMPILER_APPICON_NAME = AppIcon;
				"CODE_SIGN_IDENTITY[sdk=iphoneos*]" = "iPhone Developer";
				DEVELOPMENT_TEAM = 8WABJGLV4L;
				INFOPLIST_FILE = ginta/Info.plist;
				IPHONEOS_DEPLOYMENT_TARGET = 9.0;
				LD_RUNPATH_SEARCH_PATHS = "$(inherited) @executable_path/Frameworks";
				PRODUCT_BUNDLE_IDENTIFIER = com.joonwoo.GradeTools;
				PRODUCT_NAME = "$(TARGET_NAME)";
				PROVISIONING_PROFILE = "";
				PROVISIONING_PROFILE_SPECIFIER = "";
				SWIFT_VERSION = 3.0;
				TARGETED_DEVICE_FAMILY = 1;
			};
			name = Release;
		};
		673186021F20B00600EC509B /* Debug */ = {
			isa = XCBuildConfiguration;
			buildSettings = {
				ALWAYS_EMBED_SWIFT_STANDARD_LIBRARIES = YES;
				BUNDLE_LOADER = "$(TEST_HOST)";
				INFOPLIST_FILE = gintaTests/Info.plist;
				LD_RUNPATH_SEARCH_PATHS = "$(inherited) @executable_path/Frameworks @loader_path/Frameworks";
				PRODUCT_BUNDLE_IDENTIFIER = timingsniper.gintaTests;
				PRODUCT_NAME = "$(TARGET_NAME)";
				SWIFT_VERSION = 3.0;
				TEST_HOST = "$(BUILT_PRODUCTS_DIR)/GradeTools.app/GradeTools";
			};
			name = Debug;
		};
		673186031F20B00600EC509B /* Release */ = {
			isa = XCBuildConfiguration;
			buildSettings = {
				ALWAYS_EMBED_SWIFT_STANDARD_LIBRARIES = YES;
				BUNDLE_LOADER = "$(TEST_HOST)";
				INFOPLIST_FILE = gintaTests/Info.plist;
				LD_RUNPATH_SEARCH_PATHS = "$(inherited) @executable_path/Frameworks @loader_path/Frameworks";
				PRODUCT_BUNDLE_IDENTIFIER = timingsniper.gintaTests;
				PRODUCT_NAME = "$(TARGET_NAME)";
				SWIFT_VERSION = 3.0;
				TEST_HOST = "$(BUILT_PRODUCTS_DIR)/GradeTools.app/GradeTools";
			};
			name = Release;
		};
		673186051F20B00600EC509B /* Debug */ = {
			isa = XCBuildConfiguration;
			buildSettings = {
				ALWAYS_EMBED_SWIFT_STANDARD_LIBRARIES = YES;
				INFOPLIST_FILE = gintaUITests/Info.plist;
				LD_RUNPATH_SEARCH_PATHS = "$(inherited) @executable_path/Frameworks @loader_path/Frameworks";
				PRODUCT_BUNDLE_IDENTIFIER = timingsniper.gintaUITests;
				PRODUCT_NAME = "$(TARGET_NAME)";
				SWIFT_VERSION = 3.0;
				TEST_TARGET_NAME = ginta;
			};
			name = Debug;
		};
		673186061F20B00600EC509B /* Release */ = {
			isa = XCBuildConfiguration;
			buildSettings = {
				ALWAYS_EMBED_SWIFT_STANDARD_LIBRARIES = YES;
				INFOPLIST_FILE = gintaUITests/Info.plist;
				LD_RUNPATH_SEARCH_PATHS = "$(inherited) @executable_path/Frameworks @loader_path/Frameworks";
				PRODUCT_BUNDLE_IDENTIFIER = timingsniper.gintaUITests;
				PRODUCT_NAME = "$(TARGET_NAME)";
				SWIFT_VERSION = 3.0;
				TEST_TARGET_NAME = ginta;
			};
			name = Release;
		};
/* End XCBuildConfiguration section */

/* Begin XCConfigurationList section */
		673185D11F20B00500EC509B /* Build configuration list for PBXProject "GradeTools" */ = {
			isa = XCConfigurationList;
			buildConfigurations = (
				673185FC1F20B00600EC509B /* Debug */,
				673185FD1F20B00600EC509B /* Release */,
			);
			defaultConfigurationIsVisible = 0;
			defaultConfigurationName = Release;
		};
		673185FE1F20B00600EC509B /* Build configuration list for PBXNativeTarget "GradeTools" */ = {
			isa = XCConfigurationList;
			buildConfigurations = (
				673185FF1F20B00600EC509B /* Debug */,
				673186001F20B00600EC509B /* Release */,
			);
			defaultConfigurationIsVisible = 0;
			defaultConfigurationName = Release;
		};
		673186011F20B00600EC509B /* Build configuration list for PBXNativeTarget "GradeToolsTests" */ = {
			isa = XCConfigurationList;
			buildConfigurations = (
				673186021F20B00600EC509B /* Debug */,
				673186031F20B00600EC509B /* Release */,
			);
			defaultConfigurationIsVisible = 0;
			defaultConfigurationName = Release;
		};
		673186041F20B00600EC509B /* Build configuration list for PBXNativeTarget "GradeToolsUITests" */ = {
			isa = XCConfigurationList;
			buildConfigurations = (
				673186051F20B00600EC509B /* Debug */,
				673186061F20B00600EC509B /* Release */,
			);
			defaultConfigurationIsVisible = 0;
			defaultConfigurationName = Release;
		};
/* End XCConfigurationList section */
	};
	rootObject = 673185CE1F20B00500EC509B /* Project object */;
}
